
Microsoft Visual Studio Solution File, Format Version 12.00
Project("{FAE04EC0-301F-11D3-BF4B-00C04F79EFBC}") = "car-api-aspnet-core", "car-api-aspnet-core\car-api-aspnet-core.csproj", "{53072762-192C-42EC-BA20-B4CC4D218DB3}"
EndProject
Global
	GlobalSection(SolutionConfigurationPlatforms) = preSolution
		Debug|Any CPU = Debug|Any CPU
		Release|Any CPU = Release|Any CPU
	EndGlobalSection
	GlobalSection(ProjectConfigurationPlatforms) = postSolution
		{53072762-192C-42EC-BA20-B4CC4D218DB3}.Debug|Any CPU.ActiveCfg = Debug|Any CPU
		{53072762-192C-42EC-BA20-B4CC4D218DB3}.Debug|Any CPU.Build.0 = Debug|Any CPU
		{53072762-192C-42EC-BA20-B4CC4D218DB3}.Release|Any CPU.ActiveCfg = Release|Any CPU
		{53072762-192C-42EC-BA20-B4CC4D218DB3}.Release|Any CPU.Build.0 = Release|Any CPU
	EndGlobalSection
EndGlobal
